{
  "name": "zmdc-demo",
  "version": "0.0.1",
  "lockfileVersion": 3,
  "requires": true,
  "packages": {
    "": {
      "name": "zmdc-demo",
      "version": "0.0.1",
      "license": "MIT",
      "dependencies": {
        "@picocss/pico": "2.1.1",
        "prismjs": "1.30.0"
      }
    },
    "node_modules/@picocss/pico": {
      "version": "2.1.1",
      "resolved": "https://bayes.htwsaar.de/nexus/repository/amsl/@picocss/pico/-/pico-2.1.1.tgz",
      "integrity": "sha512-kIDugA7Ps4U+2BHxiNHmvgPIQDWPDU4IeU6TNRdvXQM1uZX+FibqDQT2xUOnnO2yq/LUHcwnGlu1hvf4KfXnMg=="
    },
    "node_modules/prismjs": {
      "version": "1.30.0",
      "resolved": "https://bayes.htwsaar.de/nexus/repository/amsl/prismjs/-/prismjs-1.30.0.tgz",
      "integrity": "sha512-DEvV2ZF2r2/63V+tK8hQvrR2ZGn10srHbXviTlcv7Kpzw8jWiNTqbVgjO3IY8RxrrOUF8VPMQQFysYYYv0YZxw==",
      "engines": {
        "node": ">=6"
      }
    }
  }
}
